// !$*UTF8*$!
{
	archiveVersion = 1;
	classes = {
	};
	objectVersion = 46;
	objects = {

/* Begin PBXBuildFile section */
		A62CD06318FDD29000B6152F /* Foundation.framework in Frameworks */ = {isa = PBXBuildFile; fileRef = A62CD06218FDD29000B6152F /* Foundation.framework */; };
		A62CD06518FDD29000B6152F /* CoreGraphics.framework in Frameworks */ = {isa = PBXBuildFile; fileRef = A62CD06418FDD29000B6152F /* CoreGraphics.framework */; };
		A62CD06718FDD29000B6152F /* UIKit.framework in Frameworks */ = {isa = PBXBuildFile; fileRef = A62CD06618FDD29000B6152F /* UIKit.framework */; };
		A62CD06D18FDD29000B6152F /* InfoPlist.strings in Resources */ = {isa = PBXBuildFile; fileRef = A62CD06B18FDD29000B6152F /* InfoPlist.strings */; };
		A62CD06F18FDD29000B6152F /* main.m in Sources */ = {isa = PBXBuildFile; fileRef = A62CD06E18FDD29000B6152F /* main.m */; };
		A62CD07318FDD29000B6152F /* MTAppDelegate.m in Sources */ = {isa = PBXBuildFile; fileRef = A62CD07218FDD29000B6152F /* MTAppDelegate.m */; };
		A62CD07618FDD29000B6152F /* Main.storyboard in Resources */ = {isa = PBXBuildFile; fileRef = A62CD07418FDD29000B6152F /* Main.storyboard */; };
		A62CD07918FDD29000B6152F /* MTViewController.m in Sources */ = {isa = PBXBuildFile; fileRef = A62CD07818FDD29000B6152F /* MTViewController.m */; };
		A62CD07B18FDD29000B6152F /* Images.xcassets in Resources */ = {isa = PBXBuildFile; fileRef = A62CD07A18FDD29000B6152F /* Images.xcassets */; };
		A62CD08218FDD29100B6152F /* XCTest.framework in Frameworks */ = {isa = PBXBuildFile; fileRef = A62CD08118FDD29100B6152F /* XCTest.framework */; };
		A62CD08318FDD29100B6152F /* Foundation.framework in Frameworks */ = {isa = PBXBuildFile; fileRef = A62CD06218FDD29000B6152F /* Foundation.framework */; };
		A62CD08418FDD29100B6152F /* UIKit.framework in Frameworks */ = {isa = PBXBuildFile; fileRef = A62CD06618FDD29000B6152F /* UIKit.framework */; };
		A62CD08C18FDD29100B6152F /* InfoPlist.strings in Resources */ = {isa = PBXBuildFile; fileRef = A62CD08A18FDD29100B6152F /* InfoPlist.strings */; };
		A62CD08E18FDD29100B6152F /* Git_TestTests.m in Sources */ = {isa = PBXBuildFile; fileRef = A62CD08D18FDD29100B6152F /* Git_TestTests.m */; };
/* End PBXBuildFile section */

/* Begin PBXContainerItemProxy section */
		A62CD08518FDD29100B6152F /* PBXContainerItemProxy */ = {
			isa = PBXContainerItemProxy;
			containerPortal = A62CD05718FDD29000B6152F /* Project object */;
			proxyType = 1;
			remoteGlobalIDString = A62CD05E18FDD29000B6152F;
			remoteInfo = "Git Test";
		};
/* End PBXContainerItemProxy section */

/* Begin PBXFileReference section */
		A62CD05F18FDD29000B6152F /* Git Test.app */ = {isa = PBXFileReference; explicitFileType = wrapper.application; includeInIndex = 0; path = "Git Test.app"; sourceTree = BUILT_PRODUCTS_DIR; };
		A62CD06218FDD29000B6152F /* Foundation.framework */ = {isa = PBXFileReference; lastKnownFileType = wrapper.framework; name = Foundation.framework; path = System/Library/Frameworks/Foundation.framework; sourceTree = SDKROOT; };
		A62CD06418FDD29000B6152F /* CoreGraphics.framework */ = {isa = PBXFileReference; lastKnownFileType = wrapper.framework; name = CoreGraphics.framework; path = System/Library/Frameworks/CoreGraphics.framework; sourceTree = SDKROOT; };
		A62CD06618FDD29000B6152F /* UIKit.framework */ = {isa = PBXFileReference; lastKnownFileType = wrapper.framework; name = UIKit.framework; path = System/Library/Frameworks/UIKit.framework; sourceTree = SDKROOT; };
		A62CD06A18FDD29000B6152F /* Git Test-Info.plist */ = {isa = PBXFileReference; lastKnownFileType = text.plist.xml; path = "Git Test-Info.plist"; sourceTree = "<group>"; };
		A62CD06C18FDD29000B6152F /* en */ = {isa = PBXFileReference; lastKnownFileType = text.plist.strings; name = en; path = en.lproj/InfoPlist.strings; sourceTree = "<group>"; };
		A62CD06E18FDD29000B6152F /* main.m */ = {isa = PBXFileReference; lastKnownFileType = sourcecode.c.objc; path = main.m; sourceTree = "<group>"; };
		A62CD07018FDD29000B6152F /* Git Test-Prefix.pch */ = {isa = PBXFileReference; lastKnownFileType = sourcecode.c.h; path = "Git Test-Prefix.pch"; sourceTree = "<group>"; };
		A62CD07118FDD29000B6152F /* MTAppDelegate.h */ = {isa = PBXFileReference; lastKnownFileType = sourcecode.c.h; path = MTAppDelegate.h; sourceTree = "<group>"; };
		A62CD07218FDD29000B6152F /* MTAppDelegate.m */ = {isa = PBXFileReference; lastKnownFileType = sourcecode.c.objc; path = MTAppDelegate.m; sourceTree = "<group>"; };
		A62CD07518FDD29000B6152F /* Base */ = {isa = PBXFileReference; lastKnownFileType = file.storyboard; name = Base; path = Base.lproj/Main.storyboard; sourceTree = "<group>"; };
		A62CD07718FDD29000B6152F /* MTViewController.h */ = {isa = PBXFileReference; lastKnownFileType = sourcecode.c.h; path = MTViewController.h; sourceTree = "<group>"; };
		A62CD07818FDD29000B6152F /* MTViewController.m */ = {isa = PBXFileReference; lastKnownFileType = sourcecode.c.objc; path = MTViewController.m; sourceTree = "<group>"; };
		A62CD07A18FDD29000B6152F /* Images.xcassets */ = {isa = PBXFileReference; lastKnownFileType = folder.assetcatalog; path = Images.xcassets; sourceTree = "<group>"; };
		A62CD08018FDD29100B6152F /* Git TestTests.xctest */ = {isa = PBXFileReference; explicitFileType = wrapper.cfbundle; includeInIndex = 0; path = "Git TestTests.xctest"; sourceTree = BUILT_PRODUCTS_DIR; };
		A62CD08118FDD29100B6152F /* XCTest.framework */ = {isa = PBXFileReference; lastKnownFileType = wrapper.framework; name = XCTest.framework; path = Library/Frameworks/XCTest.framework; sourceTree = DEVELOPER_DIR; };
		A62CD08918FDD29100B6152F /* Git TestTests-Info.plist */ = {isa = PBXFileReference; lastKnownFileType = text.plist.xml; path = "Git TestTests-Info.plist"; sourceTree = "<group>"; };
		A62CD08B18FDD29100B6152F /* en */ = {isa = PBXFileReference; lastKnownFileType = text.plist.strings; name = en; path = en.lproj/InfoPlist.strings; sourceTree = "<group>"; };
		A62CD08D18FDD29100B6152F /* Git_TestTests.m */ = {isa = PBXFileReference; lastKnownFileType = sourcecode.c.objc; path = Git_TestTests.m; sourceTree = "<group>"; };
/* End PBXFileReference section */

/* Begin PBXFrameworksBuildPhase section */
		A62CD05C18FDD29000B6152F /* Frameworks */ = {
			isa = PBXFrameworksBuildPhase;
			buildActionMask = 2147483647;
			files = (
				A62CD06518FDD29000B6152F /* CoreGraphics.framework in Frameworks */,
				A62CD06718FDD29000B6152F /* UIKit.framework in Frameworks */,
				A62CD06318FDD29000B6152F /* Foundation.framework in Frameworks */,
			);
			runOnlyForDeploymentPostprocessing = 0;
		};
		A62CD07D18FDD29100B6152F /* Frameworks */ = {
			isa = PBXFrameworksBuildPhase;
			buildActionMask = 2147483647;
			files = (
				A62CD08218FDD29100B6152F /* XCTest.framework in Frameworks */,
				A62CD08418FDD29100B6152F /* UIKit.framework in Frameworks */,
				A62CD08318FDD29100B6152F /* Foundation.framework in Frameworks */,
			);
			runOnlyForDeploymentPostprocessing = 0;
		};
/* End PBXFrameworksBuildPhase section */

/* Begin PBXGroup section */
		A62CD05618FDD29000B6152F = {
			isa = PBXGroup;
			children = (
				A62CD06818FDD29000B6152F /* Git Test */,
				A62CD08718FDD29100B6152F /* Git TestTests */,
				A62CD06118FDD29000B6152F /* Frameworks */,
				A62CD06018FDD29000B6152F /* Products */,
			);
			sourceTree = "<group>";
		};
		A62CD06018FDD29000B6152F /* Products */ = {
			isa = PBXGroup;
			children = (
				A62CD05F18FDD29000B6152F /* Git Test.app */,
				A62CD08018FDD29100B6152F /* Git TestTests.xctest */,
			);
			name = Products;
			sourceTree = "<group>";
		};
		A62CD06118FDD29000B6152F /* Frameworks */ = {
			isa = PBXGroup;
			children = (
				A62CD06218FDD29000B6152F /* Foundation.framework */,
				A62CD06418FDD29000B6152F /* CoreGraphics.framework */,
				A62CD06618FDD29000B6152F /* UIKit.framework */,
				A62CD08118FDD29100B6152F /* XCTest.framework */,
			);
			name = Frameworks;
			sourceTree = "<group>";
		};
		A62CD06818FDD29000B6152F /* Git Test */ = {
			isa = PBXGroup;
			children = (
				A62CD07118FDD29000B6152F /* MTAppDelegate.h */,
				A62CD07218FDD29000B6152F /* MTAppDelegate.m */,
				A62CD07418FDD29000B6152F /* Main.storyboard */,
				A62CD07718FDD29000B6152F /* MTViewController.h */,
				A62CD07818FDD29000B6152F /* MTViewController.m */,
				A62CD07A18FDD29000B6152F /* Images.xcassets */,
				A62CD06918FDD29000B6152F /* Supporting Files */,
			);
			path = "Git Test";
			sourceTree = "<group>";
		};
		A62CD06918FDD29000B6152F /* Supporting Files */ = {
			isa = PBXGroup;
			children = (
				A62CD06A18FDD29000B6152F /* Git Test-Info.plist */,
				A62CD06B18FDD29000B6152F /* InfoPlist.strings */,
				A62CD06E18FDD29000B6152F /* main.m */,
				A62CD07018FDD29000B6152F /* Git Test-Prefix.pch */,
			);
			name = "Supporting Files";
			sourceTree = "<group>";
		};
		A62CD08718FDD29100B6152F /* Git TestTests */ = {
			isa = PBXGroup;
			children = (
				A62CD08D18FDD29100B6152F /* Git_TestTests.m */,
				A62CD08818FDD29100B6152F /* Supporting Files */,
			);
			path = "Git TestTests";
			sourceTree = "<group>";
		};
		A62CD08818FDD29100B6152F /* Supporting Files */ = {
			isa = PBXGroup;
			children = (
				A62CD08918FDD29100B6152F /* Git TestTests-Info.plist */,
				A62CD08A18FDD29100B6152F /* InfoPlist.strings */,
			);
			name = "Supporting Files";
			sourceTree = "<group>";
		};
/* End PBXGroup section */

/* Begin PBXNativeTarget section */
		A62CD05E18FDD29000B6152F /* Git Test */ = {
			isa = PBXNativeTarget;
			buildConfigurationList = A62CD09118FDD29100B6152F /* Build configuration list for PBXNativeTarget "Git Test" */;
			buildPhases = (
				A62CD05B18FDD29000B6152F /* Sources */,
				A62CD05C18FDD29000B6152F /* Frameworks */,
				A62CD05D18FDD29000B6152F /* Resources */,
			);
			buildRules = (
			);
			dependencies = (
			);
			name = "Git Test";
			productName = "Git Test";
			productReference = A62CD05F18FDD29000B6152F /* Git Test.app */;
			productType = "com.apple.product-type.application";
		};
		A62CD07F18FDD29100B6152F /* Git TestTests */ = {
			isa = PBXNativeTarget;
			buildConfigurationList = A62CD09418FDD29100B6152F /* Build configuration list for PBXNativeTarget "Git TestTests" */;
			buildPhases = (
				A62CD07C18FDD29100B6152F /* Sources */,
				A62CD07D18FDD29100B6152F /* Frameworks */,
				A62CD07E18FDD29100B6152F /* Resources */,
			);
			buildRules = (
			);
			dependencies = (
				A62CD08618FDD29100B6152F /* PBXTargetDependency */,
			);
			name = "Git TestTests";
			productName = "Git TestTests";
			productReference = A62CD08018FDD29100B6152F /* Git TestTests.xctest */;
			productType = "com.apple.product-type.bundle.unit-test";
		};
/* End PBXNativeTarget section */

/* Begin PBXProject section */
		A62CD05718FDD29000B6152F /* Project object */ = {
			isa = PBXProject;
			attributes = {
				CLASSPREFIX = MT;
				LastUpgradeCheck = 0510;
				ORGANIZATIONNAME = "Michael Thomas";
				TargetAttributes = {
					A62CD07F18FDD29100B6152F = {
						TestTargetID = A62CD05E18FDD29000B6152F;
					};
				};
			};
			buildConfigurationList = A62CD05A18FDD29000B6152F /* Build configuration list for PBXProject "Git Test" */;
			compatibilityVersion = "Xcode 3.2";
			developmentRegion = English;
			hasScannedForEncodings = 0;
			knownRegions = (
				en,
				Base,
			);
			mainGroup = A62CD05618FDD29000B6152F;
			productRefGroup = A62CD06018FDD29000B6152F /* Products */;
			projectDirPath = "";
			projectRoot = "";
			targets = (
				A62CD05E18FDD29000B6152F /* Git Test */,
				A62CD07F18FDD29100B6152F /* Git TestTests */,
			);
		};
/* End PBXProject section */

/* Begin PBXResourcesBuildPhase section */
		A62CD05D18FDD29000B6152F /* Resources */ = {
			isa = PBXResourcesBuildPhase;
			buildActionMask = 2147483647;
			files = (
				A62CD07B18FDD29000B6152F /* Images.xcassets in Resources */,
				A62CD06D18FDD29000B6152F /* InfoPlist.strings in Resources */,
				A62CD07618FDD29000B6152F /* Main.storyboard in Resources */,
			);
			runOnlyForDeploymentPostprocessing = 0;
		};
		A62CD07E18FDD29100B6152F /* Resources */ = {
			isa = PBXResourcesBuildPhase;
			buildActionMask = 2147483647;
			files = (
				A62CD08C18FDD29100B6152F /* InfoPlist.strings in Resources */,
			);
			runOnlyForDeploymentPostprocessing = 0;
		};
/* End PBXResourcesBuildPhase section */

/* Begin PBXSourcesBuildPhase section */
		A62CD05B18FDD29000B6152F /* Sources */ = {
			isa = PBXSourcesBuildPhase;
			buildActionMask = 2147483647;
			files = (
				A62CD06F18FDD29000B6152F /* main.m in Sources */,
				A62CD07918FDD29000B6152F /* MTViewController.m in Sources */,
				A62CD07318FDD29000B6152F /* MTAppDelegate.m in Sources */,
			);
			runOnlyForDeploymentPostprocessing = 0;
		};
		A62CD07C18FDD29100B6152F /* Sources */ = {
			isa = PBXSourcesBuildPhase;
			buildActionMask = 2147483647;
			files = (
				A62CD08E18FDD29100B6152F /* Git_TestTests.m in Sources */,
			);
			runOnlyForDeploymentPostprocessing = 0;
		};
/* End PBXSourcesBuildPhase section */

/* Begin PBXTargetDependency section */
		A62CD08618FDD29100B6152F /* PBXTargetDependency */ = {
			isa = PBXTargetDependency;
			target = A62CD05E18FDD29000B6152F /* Git Test */;
			targetProxy = A62CD08518FDD29100B6152F /* PBXContainerItemProxy */;
		};
/* End PBXTargetDependency section */

/* Begin PBXVariantGroup section */
		A62CD06B18FDD29000B6152F /* InfoPlist.strings */ = {
			isa = PBXVariantGroup;
			children = (
				A62CD06C18FDD29000B6152F /* en */,
			);
			name = InfoPlist.strings;
			sourceTree = "<group>";
		};
		A62CD07418FDD29000B6152F /* Main.storyboard */ = {
			isa = PBXVariantGroup;
			children = (
				A62CD07518FDD29000B6152F /* Base */,
			);
			name = Main.storyboard;
			sourceTree = "<group>";
		};
		A62CD08A18FDD29100B6152F /* InfoPlist.strings */ = {
			isa = PBXVariantGroup;
			children = (
				A62CD08B18FDD29100B6152F /* en */,
			);
			name = InfoPlist.strings;
			sourceTree = "<group>";
		};
/* End PBXVariantGroup section */

/* Begin XCBuildConfiguration section */
		A62CD08F18FDD29100B6152F /* Debug */ = {
			isa = XCBuildConfiguration;
			buildSettings = {
				ALWAYS_SEARCH_USER_PATHS = NO;
				CLANG_CXX_LANGUAGE_STANDARD = "gnu++0x";
				CLANG_CXX_LIBRARY = "libc++";
				CLANG_ENABLE_MODULES = YES;
				CLANG_ENABLE_OBJC_ARC = YES;
				CLANG_WARN_BOOL_CONVERSION = YES;
				CLANG_WARN_CONSTANT_CONVERSION = YES;
				CLANG_WARN_DIRECT_OBJC_ISA_USAGE = YES_ERROR;
				CLANG_WARN_EMPTY_BODY = YES;
				CLANG_WARN_ENUM_CONVERSION = YES;
				CLANG_WARN_INT_CONVERSION = YES;
				CLANG_WARN_OBJC_ROOT_CLASS = YES_ERROR;
				CLANG_WARN__DUPLICATE_METHOD_MATCH = YES;
				"CODE_SIGN_IDENTITY[sdk=iphoneos*]" = "iPhone Developer";
				COPY_PHASE_STRIP = NO;
				GCC_C_LANGUAGE_STANDARD = gnu99;
				GCC_DYNAMIC_NO_PIC = NO;
				GCC_OPTIMIZATION_LEVEL = 0;
				GCC_PREPROCESSOR_DEFINITIONS = (
					"DEBUG=1",
					"$(inherited)",
				);
				GCC_SYMBOLS_PRIVATE_EXTERN = NO;
				GCC_WARN_64_TO_32_BIT_CONVERSION = YES;
				GCC_WARN_ABOUT_RETURN_TYPE = YES_ERROR;
				GCC_WARN_UNDECLARED_SELECTOR = YES;
				GCC_WARN_UNINITIALIZED_AUTOS = YES_AGGRESSIVE;
				GCC_WARN_UNUSED_FUNCTION = YES;
				GCC_WARN_UNUSED_VARIABLE = YES;
				IPHONEOS_DEPLOYMENT_TARGET = 7.1;
				ONLY_ACTIVE_ARCH = YES;
				SDKROOT = iphoneos;
			};
			name = Debug;
		};
		A62CD09018FDD29100B6152F /* Release */ = {
			isa = XCBuildConfiguration;
			buildSettings = {
				ALWAYS_SEARCH_USER_PATHS = NO;
				CLANG_CXX_LANGUAGE_STANDARD = "gnu++0x";
				CLANG_CXX_LIBRARY = "libc++";
				CLANG_ENABLE_MODULES = YES;
				CLANG_ENABLE_OBJC_ARC = YES;
				CLANG_WARN_BOOL_CONVERSION = YES;
				CLANG_WARN_CONSTANT_CONVERSION = YES;
				CLANG_WARN_DIRECT_OBJC_ISA_USAGE = YES_ERROR;
				CLANG_WARN_EMPTY_BODY = YES;
				CLANG_WARN_ENUM_CONVERSION = YES;
				CLANG_WARN_INT_CONVERSION = YES;
				CLANG_WARN_OBJC_ROOT_CLASS = YES_ERROR;
				CLANG_WARN__DUPLICATE_METHOD_MATCH = YES;
				"CODE_SIGN_IDENTITY[sdk=iphoneos*]" = "iPhone Developer";
				COPY_PHASE_STRIP = YES;
				ENABLE_NS_ASSERTIONS = NO;
				GCC_C_LANGUAGE_STANDARD = gnu99;
				GCC_WARN_64_TO_32_BIT_CONVERSION = YES;
				GCC_WARN_ABOUT_RETURN_TYPE = YES_ERROR;
				GCC_WARN_UNDECLARED_SELECTOR = YES;
				GCC_WARN_UNINITIALIZED_AUTOS = YES_AGGRESSIVE;
				GCC_WARN_UNUSED_FUNCTION = YES;
				GCC_WARN_UNUSED_VARIABLE = YES;
				IPHONEOS_DEPLOYMENT_TARGET = 7.1;
				SDKROOT = iphoneos;
				VALIDATE_PRODUCT = YES;
			};
			name = Release;
		};
		A62CD09218FDD29100B6152F /* Debug */ = {
			isa = XCBuildConfiguration;
			buildSettings = {
				ASSETCATALOG_COMPILER_APPICON_NAME = AppIcon;
				ASSETCATALOG_COMPILER_LAUNCHIMAGE_NAME = LaunchImage;
				GCC_PRECOMPILE_PREFIX_HEADER = YES;
				GCC_PREFIX_HEADER = "Git Test/Git Test-Prefix.pch";
				INFOPLIST_FILE = "Git Test/Git Test-Info.plist";
				PRODUCT_NAME = "$(TARGET_NAME)";
				WRAPPER_EXTENSION = app;
			};
			name = Debug;
		};
		A62CD09318FDD29100B6152F /* Release */ = {
			isa = XCBuildConfiguration;
			buildSettings = {
				ASSETCATALOG_COMPILER_APPICON_NAME = AppIcon;
				ASSETCATALOG_COMPILER_LAUNCHIMAGE_NAME = LaunchImage;
				GCC_PRECOMPILE_PREFIX_HEADER = YES;
				GCC_PREFIX_HEADER = "Git Test/Git Test-Prefix.pch";
				INFOPLIST_FILE = "Git Test/Git Test-Info.plist";
				PRODUCT_NAME = "$(TARGET_NAME)";
				WRAPPER_EXTENSION = app;
			};
			name = Release;
		};
		A62CD09518FDD29100B6152F /* Debug */ = {
			isa = XCBuildConfiguration;
			buildSettings = {
				BUNDLE_LOADER = "$(BUILT_PRODUCTS_DIR)/Git Test.app/Git Test";
				FRAMEWORK_SEARCH_PATHS = (
					"$(SDKROOT)/Developer/Library/Frameworks",
					"$(inherited)",
					"$(DEVELOPER_FRAMEWORKS_DIR)",
				);
				GCC_PRECOMPILE_PREFIX_HEADER = YES;
				GCC_PREFIX_HEADER = "Git Test/Git Test-Prefix.pch";
				GCC_PREPROCESSOR_DEFINITIONS = (
					"DEBUG=1",
					"$(inherited)",
				);
				INFOPLIST_FILE = "Git TestTests/Git TestTests-Info.plist";
				PRODUCT_NAME = "$(TARGET_NAME)";
				TEST_HOST = "$(BUNDLE_LOADER)";
				WRAPPER_EXTENSION = xctest;
			};
			name = Debug;
		};
		A62CD09618FDD29100B6152F /* Release */ = {
			isa = XCBuildConfiguration;
			buildSettings = {
				BUNDLE_LOADER = "$(BUILT_PRODUCTS_DIR)/Git Test.app/Git Test";
				FRAMEWORK_SEARCH_PATHS = (
					"$(SDKROOT)/Developer/Library/Frameworks",
					"$(inherited)",
					"$(DEVELOPER_FRAMEWORKS_DIR)",
				);
				GCC_PRECOMPILE_PREFIX_HEADER = YES;
				GCC_PREFIX_HEADER = "Git Test/Git Test-Prefix.pch";
				INFOPLIST_FILE = "Git TestTests/Git TestTests-Info.plist";
				PRODUCT_NAME = "$(TARGET_NAME)";
				TEST_HOST = "$(BUNDLE_LOADER)";
				WRAPPER_EXTENSION = xctest;
			};
			name = Release;
		};
/* End XCBuildConfiguration section */

/* Begin XCConfigurationList section */
		A62CD05A18FDD29000B6152F /* Build configuration list for PBXProject "Git Test" */ = {
			isa = XCConfigurationList;
			buildConfigurations = (
				A62CD08F18FDD29100B6152F /* Debug */,
				A62CD09018FDD29100B6152F /* Release */,
			);
			defaultConfigurationIsVisible = 0;
			defaultConfigurationName = Release;
		};
		A62CD09118FDD29100B6152F /* Build configuration list for PBXNativeTarget "Git Test" */ = {
			isa = XCConfigurationList;
			buildConfigurations = (
				A62CD09218FDD29100B6152F /* Debug */,
				A62CD09318FDD29100B6152F /* Release */,
			);
			defaultConfigurationIsVisible = 0;
		};
		A62CD09418FDD29100B6152F /* Build configuration list for PBXNativeTarget "Git TestTests" */ = {
			isa = XCConfigurationList;
			buildConfigurations = (
				A62CD09518FDD29100B6152F /* Debug */,
				A62CD09618FDD29100B6152F /* Release */,
			);
			defaultConfigurationIsVisible = 0;
		};
/* End XCConfigurationList section */
	};
	rootObject = A62CD05718FDD29000B6152F /* Project object */;
}
